
Microsoft Visual Studio Solution File, Format Version 12.00
# Visual Studio Version 16
VisualStudioVersion = 16.0.31624.102
MinimumVisualStudioVersion = 10.0.40219.1
Project("{FAE04EC0-301F-11D3-BF4B-00C04F79EFBC}") = "Christmas Lights Kata", "Christmas Lights Kata\Christmas Lights Kata.csproj", "{C397EC19-1E48-444D-A7DC-8BD00833A801}"
EndProject
Global
	GlobalSection(SolutionConfigurationPlatforms) = preSolution
		Debug|Any CPU = Debug|Any CPU
		Release|Any CPU = Release|Any CPU
	EndGlobalSection
	GlobalSection(ProjectConfigurationPlatforms) = postSolution
		{C397EC19-1E48-444D-A7DC-8BD00833A801}.Debug|Any CPU.ActiveCfg = Debug|Any CPU
		{C397EC19-1E48-444D-A7DC-8BD00833A801}.Debug|Any CPU.Build.0 = Debug|Any CPU
		{C397EC19-1E48-444D-A7DC-8BD00833A801}.Release|Any CPU.ActiveCfg = Release|Any CPU
		{C397EC19-1E48-444D-A7DC-8BD00833A801}.Release|Any CPU.Build.0 = Release|Any CPU
	EndGlobalSection
	GlobalSection(SolutionProperties) = preSolution
		HideSolutionNode = FALSE
	EndGlobalSection
	GlobalSection(ExtensibilityGlobals) = postSolution
		SolutionGuid = {A040F154-94B8-41F1-B4C4-0112061B28B5}
	EndGlobalSection
EndGlobal
